
Microsoft Visual Studio Solution File, Format Version 12.00
# Visual Studio 2013
VisualStudioVersion = 12.0.31101.0
MinimumVisualStudioVersion = 10.0.40219.1
Project("{2150E333-8FDC-42A3-9474-1A3956D46DE8}") = "2. Async Basics", "2. Async Basics", "{B8DB9DF0-6966-45C8-B940-A0745DC3AAFB}"
EndProject
Project("{2150E333-8FDC-42A3-9474-1A3956D46DE8}") = "3. Parallel Basics", "3. Parallel Basics", "{BA28345D-ED0D-4BA3-8B2A-55155BE27C90}"
EndProject
Project("{2150E333-8FDC-42A3-9474-1A3956D46DE8}") = "4. Dataflow Basics", "4. Dataflow Basics", "{0FBC7628-9D04-4608-A634-300D52D757CB}"
EndProject
Project("{2150E333-8FDC-42A3-9474-1A3956D46DE8}") = "8. Collections", "8. Collections", "{37F60EC3-DD65-497F-9624-A7E17343A994}"
EndProject
Project("{2150E333-8FDC-42A3-9474-1A3956D46DE8}") = "9. Cancellation", "9. Cancellation", "{151E6C71-11EF-4567-8D0B-A5899EC0DA8E}"
EndProject
Project("{2150E333-8FDC-42A3-9474-1A3956D46DE8}") = "11. Synchronization", "11. Synchronization", "{50945504-EC40-406B-BF13-30FBEE4D3EA8}"
EndProject
Project("{2150E333-8FDC-42A3-9474-1A3956D46DE8}") = "12. Scheduling", "12. Scheduling", "{85CD3558-0021-4F1C-9826-8437D6F2AAC5}"
EndProject
Project("{2150E333-8FDC-42A3-9474-1A3956D46DE8}") = "2.1 Pausing for a Period of Time", "2.1 Pausing for a Period of Time", "{7DE77FC6-7070-47F9-94BE-E8C07195217B}"
EndProject
Project("{FAE04EC0-301F-11D3-BF4B-00C04F79EFBC}") = "TaskDelayAndRetry", "TaskDelayAndRetry\TaskDelayAndRetry.csproj", "{01A83CCF-2D2C-44FD-9259-43A1769B7217}"
EndProject
Project("{FAE04EC0-301F-11D3-BF4B-00C04F79EFBC}") = "TaskDelayAndRetry.Tests", "TaskDelayAndRetry.Tests\TaskDelayAndRetry.Tests.csproj", "{80001992-823A-4CF4-B24C-F8836806D9BD}"
EndProject
Project("{2150E333-8FDC-42A3-9474-1A3956D46DE8}") = ".nuget", ".nuget", "{123D9691-E22E-4BEB-A8CB-0D85EC46D9EB}"
	ProjectSection(SolutionItems) = preProject
		.nuget\packages.config = .nuget\packages.config
	EndProjectSection
EndProject
Project("{2150E333-8FDC-42A3-9474-1A3956D46DE8}") = "2.2 Returning Completed Tasks", "2.2 Returning Completed Tasks", "{C5F8F90A-E37C-4612-8282-0F1E5640357F}"
EndProject
Project("{FAE04EC0-301F-11D3-BF4B-00C04F79EFBC}") = "CompletedTasks", "CompletedTasks\CompletedTasks.csproj", "{62EF0148-CEBB-4EF8-A2F5-5C89C5860175}"
EndProject
Project("{FAE04EC0-301F-11D3-BF4B-00C04F79EFBC}") = "CompletedTasks.Tests", "CompletedTasks.Tests\CompletedTasks.Tests.csproj", "{0B034844-CC08-40C0-B7D5-010AF44F64C7}"
EndProject
Project("{2150E333-8FDC-42A3-9474-1A3956D46DE8}") = "2.3 Reporting Progress", "2.3 Reporting Progress", "{D43C8489-FD58-4618-B142-D8DD20661347}"
EndProject
Project("{FAE04EC0-301F-11D3-BF4B-00C04F79EFBC}") = "ReportingProgress", "ReportingProgress\ReportingProgress.csproj", "{416AD35F-4FE5-49F4-94E5-93D0C24D8DD5}"
EndProject
Project("{FAE04EC0-301F-11D3-BF4B-00C04F79EFBC}") = "ReportingProgress.Tests", "ReportingProgress.Tests\ReportingProgress.Tests.csproj", "{836EAB87-8468-40B2-A094-3FC4F07F892B}"
EndProject
Project("{2150E333-8FDC-42A3-9474-1A3956D46DE8}") = "2.4 Wait for a Set of Tasks to Complete", "2.4 Wait for a Set of Tasks to Complete", "{2CABB8CB-2DE8-4D0E-82CA-F56B3BDB4269}"
EndProject
Project("{FAE04EC0-301F-11D3-BF4B-00C04F79EFBC}") = "WaitForAllTasks", "WaitForAllTasks\WaitForAllTasks.csproj", "{735635BE-9A57-481F-A15E-4243D3E0A001}"
EndProject
Project("{FAE04EC0-301F-11D3-BF4B-00C04F79EFBC}") = "WaitForAllTasks.Tests", "WaitForAllTasksTests\WaitForAllTasks.Tests.csproj", "{96308C91-8ED2-4CB3-9A59-F7BECE36F68C}"
EndProject
Project("{2150E333-8FDC-42A3-9474-1A3956D46DE8}") = "2.5 Waiting for Any Task to Complete", "2.5 Waiting for Any Task to Complete", "{B0ADBFED-3627-405E-9077-F86E660EE8C2}"
EndProject
Project("{FAE04EC0-301F-11D3-BF4B-00C04F79EFBC}") = "WaitForAnyTask", "WaitForAnyTask\WaitForAnyTask.csproj", "{857FEFAF-C144-44AB-A80C-B32C9982A01E}"
EndProject
Project("{FAE04EC0-301F-11D3-BF4B-00C04F79EFBC}") = "WaitForAnyTask.Tests", "WaitForAnyTask.Tests\WaitForAnyTask.Tests.csproj", "{D0BBCFDB-7A44-4E0D-A04B-40C6E4A29A41}"
EndProject
Project("{2150E333-8FDC-42A3-9474-1A3956D46DE8}") = "2.6 Processing Tasks as They Complete", "2.6 Processing Tasks as They Complete", "{55F496DC-2798-4FA5-A4F8-41E2CDAC8B77}"
EndProject
Project("{FAE04EC0-301F-11D3-BF4B-00C04F79EFBC}") = "ProcessingTasksAsTheyComplete.Tests", "ProcessingTasksAsTheyComplete.Tests\ProcessingTasksAsTheyComplete.Tests.csproj", "{A01F7E64-CE7C-43B3-91B3-8495CCBBBB44}"
EndProject
Project("{FAE04EC0-301F-11D3-BF4B-00C04F79EFBC}") = "ProcessingTasksAsTheyComplete", "ProcessingTasksAsTheyComplete\ProcessingTasksAsTheyComplete.csproj", "{BCC97AB6-52EE-4635-88BC-7448B42D94DA}"
EndProject
Project("{2150E333-8FDC-42A3-9474-1A3956D46DE8}") = "2.7 Avoid Context on Continuations", "2.7 Avoid Context on Continuations", "{679DABDA-1488-4357-AC7C-4E37AA0E583A}"
EndProject
Project("{FAE04EC0-301F-11D3-BF4B-00C04F79EFBC}") = "AvoidContextOnContinuation", "AvoidContextOnContinuation\AvoidContextOnContinuation.csproj", "{E418D4A7-47F4-440B-A74F-8D3975F4D2F9}"
EndProject
Project("{FAE04EC0-301F-11D3-BF4B-00C04F79EFBC}") = "AvoidContextOnContinuation.Tests", "AvoidContextOnContinuation.Tests\AvoidContextOnContinuation.Tests.csproj", "{0FB3E0AF-A7E6-45C3-A70E-2C82615C8832}"
EndProject
Project("{2150E333-8FDC-42A3-9474-1A3956D46DE8}") = "2.8 Handling Exceptions from async Task Methods", "2.8 Handling Exceptions from async Task Methods", "{B15D4D71-4BCE-48DC-9B08-DC3D6D6E94BF}"
EndProject
Project("{2150E333-8FDC-42A3-9474-1A3956D46DE8}") = "2.9 Handling Exceptions from async void Methods", "2.9 Handling Exceptions from async void Methods", "{E90F13E4-F019-405A-83E9-4FCDAD816E84}"
EndProject
Project("{FAE04EC0-301F-11D3-BF4B-00C04F79EFBC}") = "ExceptionHandlingFromAsyncTask.Tests", "ExceptionHandlingFromAsyncTask.Tests\ExceptionHandlingFromAsyncTask.Tests.csproj", "{E47DB7E5-BB93-4B14-AA0B-3B53BA9DF240}"
EndProject
Project("{FAE04EC0-301F-11D3-BF4B-00C04F79EFBC}") = "ExceptionHandlingFromAsyncTask", "ExceptionHandlingFromAsyncTask\ExceptionHandlingFromAsyncTask.csproj", "{73A28629-0C8C-42D6-9E02-7E64D4D3191B}"
EndProject
Project("{FAE04EC0-301F-11D3-BF4B-00C04F79EFBC}") = "ExceptionHandlingOnAsyncVoid", "ExceptionHandlingOnAsyncVoid\ExceptionHandlingOnAsyncVoid.csproj", "{E89BD532-F5F2-467C-99FC-21BE36F2EA4B}"
EndProject
Project("{FAE04EC0-301F-11D3-BF4B-00C04F79EFBC}") = "ExceptionHandlingOnAsyncVoid.Tests", "ExceptionHandlingOnAsyncVoid.Tests\ExceptionHandlingOnAsyncVoid.Tests.csproj", "{4A2DFDD9-FFA7-4979-A722-E2E5579D5443}"
EndProject
Project("{2150E333-8FDC-42A3-9474-1A3956D46DE8}") = "3.1 Parallel Processing of Data", "3.1 Parallel Processing of Data", "{8BCD3B5D-3929-44DA-B08D-8437ECF6A78D}"
EndProject
Project("{2150E333-8FDC-42A3-9474-1A3956D46DE8}") = "3.2. Parallel Aggregation", "3.2. Parallel Aggregation", "{7F620ACC-908C-491A-AB6A-43928D654264}"
EndProject
Project("{2150E333-8FDC-42A3-9474-1A3956D46DE8}") = "3.3. Parallel Invocation", "3.3. Parallel Invocation", "{0525AB76-F383-44D1-8098-64F4A067B772}"
EndProject
Project("{2150E333-8FDC-42A3-9474-1A3956D46DE8}") = "3.4. Dynamic Parallelism", "3.4. Dynamic Parallelism", "{B85CA434-48EC-45A0-B072-7D30F8A14EBD}"
EndProject
Project("{2150E333-8FDC-42A3-9474-1A3956D46DE8}") = "3.5. Parallel LINQ", "3.5. Parallel LINQ", "{24D78BAC-83E3-4BBC-ADD3-ABF6F5F8D164}"
EndProject
Project("{FAE04EC0-301F-11D3-BF4B-00C04F79EFBC}") = "ParallelProcessingOfData", "ParallelProcessingOfData\ParallelProcessingOfData.csproj", "{EAC91071-2AFA-4D52-B4CD-1A5FB8B0CB27}"
EndProject
Project("{FAE04EC0-301F-11D3-BF4B-00C04F79EFBC}") = "ParallelProcessingOfData.Tests", "ParallelProcessingOfData.Tests\ParallelProcessingOfData.Tests.csproj", "{808A895C-4489-4732-AC7D-FEC3844F8D1F}"
EndProject
Project("{FAE04EC0-301F-11D3-BF4B-00C04F79EFBC}") = "ParallelAggregation", "ParallelAggregation\ParallelAggregation.csproj", "{0A2A6E2C-6238-4533-A447-9BE8AE3D987D}"
EndProject
Project("{FAE04EC0-301F-11D3-BF4B-00C04F79EFBC}") = "ParallelAggregation.Tests", "ParallelAggregation.Tests\ParallelAggregation.Tests.csproj", "{24432567-C0D6-4DC2-8FCE-7A8DC9C969D9}"
EndProject
Global
	GlobalSection(SolutionConfigurationPlatforms) = preSolution
		Debug|Any CPU = Debug|Any CPU
		Debug|ARM = Debug|ARM
		Debug|x64 = Debug|x64
		Debug|x86 = Debug|x86
		Release|Any CPU = Release|Any CPU
		Release|ARM = Release|ARM
		Release|x64 = Release|x64
		Release|x86 = Release|x86
	EndGlobalSection
	GlobalSection(ProjectConfigurationPlatforms) = postSolution
		{01A83CCF-2D2C-44FD-9259-43A1769B7217}.Debug|Any CPU.ActiveCfg = Debug|Any CPU
		{01A83CCF-2D2C-44FD-9259-43A1769B7217}.Debug|Any CPU.Build.0 = Debug|Any CPU
		{01A83CCF-2D2C-44FD-9259-43A1769B7217}.Debug|ARM.ActiveCfg = Debug|Any CPU
		{01A83CCF-2D2C-44FD-9259-43A1769B7217}.Debug|x64.ActiveCfg = Debug|Any CPU
		{01A83CCF-2D2C-44FD-9259-43A1769B7217}.Debug|x86.ActiveCfg = Debug|Any CPU
		{01A83CCF-2D2C-44FD-9259-43A1769B7217}.Release|Any CPU.ActiveCfg = Release|Any CPU
		{01A83CCF-2D2C-44FD-9259-43A1769B7217}.Release|Any CPU.Build.0 = Release|Any CPU
		{01A83CCF-2D2C-44FD-9259-43A1769B7217}.Release|ARM.ActiveCfg = Release|Any CPU
		{01A83CCF-2D2C-44FD-9259-43A1769B7217}.Release|x64.ActiveCfg = Release|Any CPU
		{01A83CCF-2D2C-44FD-9259-43A1769B7217}.Release|x86.ActiveCfg = Release|Any CPU
		{80001992-823A-4CF4-B24C-F8836806D9BD}.Debug|Any CPU.ActiveCfg = Debug|Any CPU
		{80001992-823A-4CF4-B24C-F8836806D9BD}.Debug|Any CPU.Build.0 = Debug|Any CPU
		{80001992-823A-4CF4-B24C-F8836806D9BD}.Debug|ARM.ActiveCfg = Debug|Any CPU
		{80001992-823A-4CF4-B24C-F8836806D9BD}.Debug|x64.ActiveCfg = Debug|Any CPU
		{80001992-823A-4CF4-B24C-F8836806D9BD}.Debug|x86.ActiveCfg = Debug|Any CPU
		{80001992-823A-4CF4-B24C-F8836806D9BD}.Release|Any CPU.ActiveCfg = Release|Any CPU
		{80001992-823A-4CF4-B24C-F8836806D9BD}.Release|Any CPU.Build.0 = Release|Any CPU
		{80001992-823A-4CF4-B24C-F8836806D9BD}.Release|ARM.ActiveCfg = Release|Any CPU
		{80001992-823A-4CF4-B24C-F8836806D9BD}.Release|x64.ActiveCfg = Release|Any CPU
		{80001992-823A-4CF4-B24C-F8836806D9BD}.Release|x86.ActiveCfg = Release|Any CPU
		{62EF0148-CEBB-4EF8-A2F5-5C89C5860175}.Debug|Any CPU.ActiveCfg = Debug|Any CPU
		{62EF0148-CEBB-4EF8-A2F5-5C89C5860175}.Debug|Any CPU.Build.0 = Debug|Any CPU
		{62EF0148-CEBB-4EF8-A2F5-5C89C5860175}.Debug|ARM.ActiveCfg = Debug|Any CPU
		{62EF0148-CEBB-4EF8-A2F5-5C89C5860175}.Debug|x64.ActiveCfg = Debug|Any CPU
		{62EF0148-CEBB-4EF8-A2F5-5C89C5860175}.Debug|x86.ActiveCfg = Debug|Any CPU
		{62EF0148-CEBB-4EF8-A2F5-5C89C5860175}.Release|Any CPU.ActiveCfg = Release|Any CPU
		{62EF0148-CEBB-4EF8-A2F5-5C89C5860175}.Release|Any CPU.Build.0 = Release|Any CPU
		{62EF0148-CEBB-4EF8-A2F5-5C89C5860175}.Release|ARM.ActiveCfg = Release|Any CPU
		{62EF0148-CEBB-4EF8-A2F5-5C89C5860175}.Release|x64.ActiveCfg = Release|Any CPU
		{62EF0148-CEBB-4EF8-A2F5-5C89C5860175}.Release|x86.ActiveCfg = Release|Any CPU
		{0B034844-CC08-40C0-B7D5-010AF44F64C7}.Debug|Any CPU.ActiveCfg = Debug|Any CPU
		{0B034844-CC08-40C0-B7D5-010AF44F64C7}.Debug|Any CPU.Build.0 = Debug|Any CPU
		{0B034844-CC08-40C0-B7D5-010AF44F64C7}.Debug|ARM.ActiveCfg = Debug|Any CPU
		{0B034844-CC08-40C0-B7D5-010AF44F64C7}.Debug|x64.ActiveCfg = Debug|Any CPU
		{0B034844-CC08-40C0-B7D5-010AF44F64C7}.Debug|x86.ActiveCfg = Debug|Any CPU
		{0B034844-CC08-40C0-B7D5-010AF44F64C7}.Release|Any CPU.ActiveCfg = Release|Any CPU
		{0B034844-CC08-40C0-B7D5-010AF44F64C7}.Release|Any CPU.Build.0 = Release|Any CPU
		{0B034844-CC08-40C0-B7D5-010AF44F64C7}.Release|ARM.ActiveCfg = Release|Any CPU
		{0B034844-CC08-40C0-B7D5-010AF44F64C7}.Release|x64.ActiveCfg = Release|Any CPU
		{0B034844-CC08-40C0-B7D5-010AF44F64C7}.Release|x86.ActiveCfg = Release|Any CPU
		{416AD35F-4FE5-49F4-94E5-93D0C24D8DD5}.Debug|Any CPU.ActiveCfg = Debug|Any CPU
		{416AD35F-4FE5-49F4-94E5-93D0C24D8DD5}.Debug|Any CPU.Build.0 = Debug|Any CPU
		{416AD35F-4FE5-49F4-94E5-93D0C24D8DD5}.Debug|ARM.ActiveCfg = Debug|Any CPU
		{416AD35F-4FE5-49F4-94E5-93D0C24D8DD5}.Debug|x64.ActiveCfg = Debug|Any CPU
		{416AD35F-4FE5-49F4-94E5-93D0C24D8DD5}.Debug|x86.ActiveCfg = Debug|Any CPU
		{416AD35F-4FE5-49F4-94E5-93D0C24D8DD5}.Release|Any CPU.ActiveCfg = Release|Any CPU
		{416AD35F-4FE5-49F4-94E5-93D0C24D8DD5}.Release|Any CPU.Build.0 = Release|Any CPU
		{416AD35F-4FE5-49F4-94E5-93D0C24D8DD5}.Release|ARM.ActiveCfg = Release|Any CPU
		{416AD35F-4FE5-49F4-94E5-93D0C24D8DD5}.Release|x64.ActiveCfg = Release|Any CPU
		{416AD35F-4FE5-49F4-94E5-93D0C24D8DD5}.Release|x86.ActiveCfg = Release|Any CPU
		{836EAB87-8468-40B2-A094-3FC4F07F892B}.Debug|Any CPU.ActiveCfg = Debug|Any CPU
		{836EAB87-8468-40B2-A094-3FC4F07F892B}.Debug|Any CPU.Build.0 = Debug|Any CPU
		{836EAB87-8468-40B2-A094-3FC4F07F892B}.Debug|ARM.ActiveCfg = Debug|Any CPU
		{836EAB87-8468-40B2-A094-3FC4F07F892B}.Debug|x64.ActiveCfg = Debug|Any CPU
		{836EAB87-8468-40B2-A094-3FC4F07F892B}.Debug|x86.ActiveCfg = Debug|Any CPU
		{836EAB87-8468-40B2-A094-3FC4F07F892B}.Release|Any CPU.ActiveCfg = Release|Any CPU
		{836EAB87-8468-40B2-A094-3FC4F07F892B}.Release|Any CPU.Build.0 = Release|Any CPU
		{836EAB87-8468-40B2-A094-3FC4F07F892B}.Release|ARM.ActiveCfg = Release|Any CPU
		{836EAB87-8468-40B2-A094-3FC4F07F892B}.Release|x64.ActiveCfg = Release|Any CPU
		{836EAB87-8468-40B2-A094-3FC4F07F892B}.Release|x86.ActiveCfg = Release|Any CPU
		{735635BE-9A57-481F-A15E-4243D3E0A001}.Debug|Any CPU.ActiveCfg = Debug|Any CPU
		{735635BE-9A57-481F-A15E-4243D3E0A001}.Debug|Any CPU.Build.0 = Debug|Any CPU
		{735635BE-9A57-481F-A15E-4243D3E0A001}.Debug|ARM.ActiveCfg = Debug|Any CPU
		{735635BE-9A57-481F-A15E-4243D3E0A001}.Debug|x64.ActiveCfg = Debug|Any CPU
		{735635BE-9A57-481F-A15E-4243D3E0A001}.Debug|x86.ActiveCfg = Debug|Any CPU
		{735635BE-9A57-481F-A15E-4243D3E0A001}.Release|Any CPU.ActiveCfg = Release|Any CPU
		{735635BE-9A57-481F-A15E-4243D3E0A001}.Release|Any CPU.Build.0 = Release|Any CPU
		{735635BE-9A57-481F-A15E-4243D3E0A001}.Release|ARM.ActiveCfg = Release|Any CPU
		{735635BE-9A57-481F-A15E-4243D3E0A001}.Release|x64.ActiveCfg = Release|Any CPU
		{735635BE-9A57-481F-A15E-4243D3E0A001}.Release|x86.ActiveCfg = Release|Any CPU
		{96308C91-8ED2-4CB3-9A59-F7BECE36F68C}.Debug|Any CPU.ActiveCfg = Debug|Any CPU
		{96308C91-8ED2-4CB3-9A59-F7BECE36F68C}.Debug|Any CPU.Build.0 = Debug|Any CPU
		{96308C91-8ED2-4CB3-9A59-F7BECE36F68C}.Debug|ARM.ActiveCfg = Debug|Any CPU
		{96308C91-8ED2-4CB3-9A59-F7BECE36F68C}.Debug|x64.ActiveCfg = Debug|Any CPU
		{96308C91-8ED2-4CB3-9A59-F7BECE36F68C}.Debug|x86.ActiveCfg = Debug|Any CPU
		{96308C91-8ED2-4CB3-9A59-F7BECE36F68C}.Release|Any CPU.ActiveCfg = Release|Any CPU
		{96308C91-8ED2-4CB3-9A59-F7BECE36F68C}.Release|Any CPU.Build.0 = Release|Any CPU
		{96308C91-8ED2-4CB3-9A59-F7BECE36F68C}.Release|ARM.ActiveCfg = Release|Any CPU
		{96308C91-8ED2-4CB3-9A59-F7BECE36F68C}.Release|x64.ActiveCfg = Release|Any CPU
		{96308C91-8ED2-4CB3-9A59-F7BECE36F68C}.Release|x86.ActiveCfg = Release|Any CPU
		{857FEFAF-C144-44AB-A80C-B32C9982A01E}.Debug|Any CPU.ActiveCfg = Debug|Any CPU
		{857FEFAF-C144-44AB-A80C-B32C9982A01E}.Debug|Any CPU.Build.0 = Debug|Any CPU
		{857FEFAF-C144-44AB-A80C-B32C9982A01E}.Debug|ARM.ActiveCfg = Debug|Any CPU
		{857FEFAF-C144-44AB-A80C-B32C9982A01E}.Debug|x64.ActiveCfg = Debug|Any CPU
		{857FEFAF-C144-44AB-A80C-B32C9982A01E}.Debug|x86.ActiveCfg = Debug|Any CPU
		{857FEFAF-C144-44AB-A80C-B32C9982A01E}.Release|Any CPU.ActiveCfg = Release|Any CPU
		{857FEFAF-C144-44AB-A80C-B32C9982A01E}.Release|Any CPU.Build.0 = Release|Any CPU
		{857FEFAF-C144-44AB-A80C-B32C9982A01E}.Release|ARM.ActiveCfg = Release|Any CPU
		{857FEFAF-C144-44AB-A80C-B32C9982A01E}.Release|x64.ActiveCfg = Release|Any CPU
		{857FEFAF-C144-44AB-A80C-B32C9982A01E}.Release|x86.ActiveCfg = Release|Any CPU
		{D0BBCFDB-7A44-4E0D-A04B-40C6E4A29A41}.Debug|Any CPU.ActiveCfg = Debug|Any CPU
		{D0BBCFDB-7A44-4E0D-A04B-40C6E4A29A41}.Debug|Any CPU.Build.0 = Debug|Any CPU
		{D0BBCFDB-7A44-4E0D-A04B-40C6E4A29A41}.Debug|ARM.ActiveCfg = Debug|Any CPU
		{D0BBCFDB-7A44-4E0D-A04B-40C6E4A29A41}.Debug|x64.ActiveCfg = Debug|Any CPU
		{D0BBCFDB-7A44-4E0D-A04B-40C6E4A29A41}.Debug|x86.ActiveCfg = Debug|Any CPU
		{D0BBCFDB-7A44-4E0D-A04B-40C6E4A29A41}.Release|Any CPU.ActiveCfg = Release|Any CPU
		{D0BBCFDB-7A44-4E0D-A04B-40C6E4A29A41}.Release|Any CPU.Build.0 = Release|Any CPU
		{D0BBCFDB-7A44-4E0D-A04B-40C6E4A29A41}.Release|ARM.ActiveCfg = Release|Any CPU
		{D0BBCFDB-7A44-4E0D-A04B-40C6E4A29A41}.Release|x64.ActiveCfg = Release|Any CPU
		{D0BBCFDB-7A44-4E0D-A04B-40C6E4A29A41}.Release|x86.ActiveCfg = Release|Any CPU
		{A01F7E64-CE7C-43B3-91B3-8495CCBBBB44}.Debug|Any CPU.ActiveCfg = Debug|Any CPU
		{A01F7E64-CE7C-43B3-91B3-8495CCBBBB44}.Debug|Any CPU.Build.0 = Debug|Any CPU
		{A01F7E64-CE7C-43B3-91B3-8495CCBBBB44}.Debug|ARM.ActiveCfg = Debug|Any CPU
		{A01F7E64-CE7C-43B3-91B3-8495CCBBBB44}.Debug|x64.ActiveCfg = Debug|Any CPU
		{A01F7E64-CE7C-43B3-91B3-8495CCBBBB44}.Debug|x86.ActiveCfg = Debug|Any CPU
		{A01F7E64-CE7C-43B3-91B3-8495CCBBBB44}.Release|Any CPU.ActiveCfg = Release|Any CPU
		{A01F7E64-CE7C-43B3-91B3-8495CCBBBB44}.Release|Any CPU.Build.0 = Release|Any CPU
		{A01F7E64-CE7C-43B3-91B3-8495CCBBBB44}.Release|ARM.ActiveCfg = Release|Any CPU
		{A01F7E64-CE7C-43B3-91B3-8495CCBBBB44}.Release|x64.ActiveCfg = Release|Any CPU
		{A01F7E64-CE7C-43B3-91B3-8495CCBBBB44}.Release|x86.ActiveCfg = Release|Any CPU
		{BCC97AB6-52EE-4635-88BC-7448B42D94DA}.Debug|Any CPU.ActiveCfg = Debug|Any CPU
		{BCC97AB6-52EE-4635-88BC-7448B42D94DA}.Debug|Any CPU.Build.0 = Debug|Any CPU
		{BCC97AB6-52EE-4635-88BC-7448B42D94DA}.Debug|ARM.ActiveCfg = Debug|Any CPU
		{BCC97AB6-52EE-4635-88BC-7448B42D94DA}.Debug|x64.ActiveCfg = Debug|Any CPU
		{BCC97AB6-52EE-4635-88BC-7448B42D94DA}.Debug|x86.ActiveCfg = Debug|Any CPU
		{BCC97AB6-52EE-4635-88BC-7448B42D94DA}.Release|Any CPU.ActiveCfg = Release|Any CPU
		{BCC97AB6-52EE-4635-88BC-7448B42D94DA}.Release|Any CPU.Build.0 = Release|Any CPU
		{BCC97AB6-52EE-4635-88BC-7448B42D94DA}.Release|ARM.ActiveCfg = Release|Any CPU
		{BCC97AB6-52EE-4635-88BC-7448B42D94DA}.Release|x64.ActiveCfg = Release|Any CPU
		{BCC97AB6-52EE-4635-88BC-7448B42D94DA}.Release|x86.ActiveCfg = Release|Any CPU
		{E418D4A7-47F4-440B-A74F-8D3975F4D2F9}.Debug|Any CPU.ActiveCfg = Debug|Any CPU
		{E418D4A7-47F4-440B-A74F-8D3975F4D2F9}.Debug|Any CPU.Build.0 = Debug|Any CPU
		{E418D4A7-47F4-440B-A74F-8D3975F4D2F9}.Debug|ARM.ActiveCfg = Debug|Any CPU
		{E418D4A7-47F4-440B-A74F-8D3975F4D2F9}.Debug|x64.ActiveCfg = Debug|Any CPU
		{E418D4A7-47F4-440B-A74F-8D3975F4D2F9}.Debug|x86.ActiveCfg = Debug|Any CPU
		{E418D4A7-47F4-440B-A74F-8D3975F4D2F9}.Release|Any CPU.ActiveCfg = Release|Any CPU
		{E418D4A7-47F4-440B-A74F-8D3975F4D2F9}.Release|Any CPU.Build.0 = Release|Any CPU
		{E418D4A7-47F4-440B-A74F-8D3975F4D2F9}.Release|ARM.ActiveCfg = Release|Any CPU
		{E418D4A7-47F4-440B-A74F-8D3975F4D2F9}.Release|x64.ActiveCfg = Release|Any CPU
		{E418D4A7-47F4-440B-A74F-8D3975F4D2F9}.Release|x86.ActiveCfg = Release|Any CPU
		{0FB3E0AF-A7E6-45C3-A70E-2C82615C8832}.Debug|Any CPU.ActiveCfg = Debug|Any CPU
		{0FB3E0AF-A7E6-45C3-A70E-2C82615C8832}.Debug|Any CPU.Build.0 = Debug|Any CPU
		{0FB3E0AF-A7E6-45C3-A70E-2C82615C8832}.Debug|ARM.ActiveCfg = Debug|Any CPU
		{0FB3E0AF-A7E6-45C3-A70E-2C82615C8832}.Debug|x64.ActiveCfg = Debug|Any CPU
		{0FB3E0AF-A7E6-45C3-A70E-2C82615C8832}.Debug|x86.ActiveCfg = Debug|Any CPU
		{0FB3E0AF-A7E6-45C3-A70E-2C82615C8832}.Release|Any CPU.ActiveCfg = Release|Any CPU
		{0FB3E0AF-A7E6-45C3-A70E-2C82615C8832}.Release|Any CPU.Build.0 = Release|Any CPU
		{0FB3E0AF-A7E6-45C3-A70E-2C82615C8832}.Release|ARM.ActiveCfg = Release|Any CPU
		{0FB3E0AF-A7E6-45C3-A70E-2C82615C8832}.Release|x64.ActiveCfg = Release|Any CPU
		{0FB3E0AF-A7E6-45C3-A70E-2C82615C8832}.Release|x86.ActiveCfg = Release|Any CPU
		{E47DB7E5-BB93-4B14-AA0B-3B53BA9DF240}.Debug|Any CPU.ActiveCfg = Debug|Any CPU
		{E47DB7E5-BB93-4B14-AA0B-3B53BA9DF240}.Debug|Any CPU.Build.0 = Debug|Any CPU
		{E47DB7E5-BB93-4B14-AA0B-3B53BA9DF240}.Debug|ARM.ActiveCfg = Debug|Any CPU
		{E47DB7E5-BB93-4B14-AA0B-3B53BA9DF240}.Debug|x64.ActiveCfg = Debug|Any CPU
		{E47DB7E5-BB93-4B14-AA0B-3B53BA9DF240}.Debug|x86.ActiveCfg = Debug|Any CPU
		{E47DB7E5-BB93-4B14-AA0B-3B53BA9DF240}.Release|Any CPU.ActiveCfg = Release|Any CPU
		{E47DB7E5-BB93-4B14-AA0B-3B53BA9DF240}.Release|Any CPU.Build.0 = Release|Any CPU
		{E47DB7E5-BB93-4B14-AA0B-3B53BA9DF240}.Release|ARM.ActiveCfg = Release|Any CPU
		{E47DB7E5-BB93-4B14-AA0B-3B53BA9DF240}.Release|x64.ActiveCfg = Release|Any CPU
		{E47DB7E5-BB93-4B14-AA0B-3B53BA9DF240}.Release|x86.ActiveCfg = Release|Any CPU
		{73A28629-0C8C-42D6-9E02-7E64D4D3191B}.Debug|Any CPU.ActiveCfg = Debug|Any CPU
		{73A28629-0C8C-42D6-9E02-7E64D4D3191B}.Debug|Any CPU.Build.0 = Debug|Any CPU
		{73A28629-0C8C-42D6-9E02-7E64D4D3191B}.Debug|ARM.ActiveCfg = Debug|Any CPU
		{73A28629-0C8C-42D6-9E02-7E64D4D3191B}.Debug|x64.ActiveCfg = Debug|Any CPU
		{73A28629-0C8C-42D6-9E02-7E64D4D3191B}.Debug|x86.ActiveCfg = Debug|Any CPU
		{73A28629-0C8C-42D6-9E02-7E64D4D3191B}.Release|Any CPU.ActiveCfg = Release|Any CPU
		{73A28629-0C8C-42D6-9E02-7E64D4D3191B}.Release|Any CPU.Build.0 = Release|Any CPU
		{73A28629-0C8C-42D6-9E02-7E64D4D3191B}.Release|ARM.ActiveCfg = Release|Any CPU
		{73A28629-0C8C-42D6-9E02-7E64D4D3191B}.Release|x64.ActiveCfg = Release|Any CPU
		{73A28629-0C8C-42D6-9E02-7E64D4D3191B}.Release|x86.ActiveCfg = Release|Any CPU
		{E89BD532-F5F2-467C-99FC-21BE36F2EA4B}.Debug|Any CPU.ActiveCfg = Debug|Any CPU
		{E89BD532-F5F2-467C-99FC-21BE36F2EA4B}.Debug|Any CPU.Build.0 = Debug|Any CPU
		{E89BD532-F5F2-467C-99FC-21BE36F2EA4B}.Debug|ARM.ActiveCfg = Debug|Any CPU
		{E89BD532-F5F2-467C-99FC-21BE36F2EA4B}.Debug|x64.ActiveCfg = Debug|Any CPU
		{E89BD532-F5F2-467C-99FC-21BE36F2EA4B}.Debug|x86.ActiveCfg = Debug|Any CPU
		{E89BD532-F5F2-467C-99FC-21BE36F2EA4B}.Release|Any CPU.ActiveCfg = Release|Any CPU
		{E89BD532-F5F2-467C-99FC-21BE36F2EA4B}.Release|Any CPU.Build.0 = Release|Any CPU
		{E89BD532-F5F2-467C-99FC-21BE36F2EA4B}.Release|ARM.ActiveCfg = Release|Any CPU
		{E89BD532-F5F2-467C-99FC-21BE36F2EA4B}.Release|x64.ActiveCfg = Release|Any CPU
		{E89BD532-F5F2-467C-99FC-21BE36F2EA4B}.Release|x86.ActiveCfg = Release|Any CPU
		{4A2DFDD9-FFA7-4979-A722-E2E5579D5443}.Debug|Any CPU.ActiveCfg = Debug|Any CPU
		{4A2DFDD9-FFA7-4979-A722-E2E5579D5443}.Debug|Any CPU.Build.0 = Debug|Any CPU
		{4A2DFDD9-FFA7-4979-A722-E2E5579D5443}.Debug|ARM.ActiveCfg = Debug|Any CPU
		{4A2DFDD9-FFA7-4979-A722-E2E5579D5443}.Debug|x64.ActiveCfg = Debug|Any CPU
		{4A2DFDD9-FFA7-4979-A722-E2E5579D5443}.Debug|x86.ActiveCfg = Debug|Any CPU
		{4A2DFDD9-FFA7-4979-A722-E2E5579D5443}.Release|Any CPU.ActiveCfg = Release|Any CPU
		{4A2DFDD9-FFA7-4979-A722-E2E5579D5443}.Release|Any CPU.Build.0 = Release|Any CPU
		{4A2DFDD9-FFA7-4979-A722-E2E5579D5443}.Release|ARM.ActiveCfg = Release|Any CPU
		{4A2DFDD9-FFA7-4979-A722-E2E5579D5443}.Release|x64.ActiveCfg = Release|Any CPU
		{4A2DFDD9-FFA7-4979-A722-E2E5579D5443}.Release|x86.ActiveCfg = Release|Any CPU
		{EAC91071-2AFA-4D52-B4CD-1A5FB8B0CB27}.Debug|Any CPU.ActiveCfg = Debug|Any CPU
		{EAC91071-2AFA-4D52-B4CD-1A5FB8B0CB27}.Debug|Any CPU.Build.0 = Debug|Any CPU
		{EAC91071-2AFA-4D52-B4CD-1A5FB8B0CB27}.Debug|ARM.ActiveCfg = Debug|Any CPU
		{EAC91071-2AFA-4D52-B4CD-1A5FB8B0CB27}.Debug|x64.ActiveCfg = Debug|Any CPU
		{EAC91071-2AFA-4D52-B4CD-1A5FB8B0CB27}.Debug|x86.ActiveCfg = Debug|Any CPU
		{EAC91071-2AFA-4D52-B4CD-1A5FB8B0CB27}.Release|Any CPU.ActiveCfg = Release|Any CPU
		{EAC91071-2AFA-4D52-B4CD-1A5FB8B0CB27}.Release|Any CPU.Build.0 = Release|Any CPU
		{EAC91071-2AFA-4D52-B4CD-1A5FB8B0CB27}.Release|ARM.ActiveCfg = Release|Any CPU
		{EAC91071-2AFA-4D52-B4CD-1A5FB8B0CB27}.Release|x64.ActiveCfg = Release|Any CPU
		{EAC91071-2AFA-4D52-B4CD-1A5FB8B0CB27}.Release|x86.ActiveCfg = Release|Any CPU
		{808A895C-4489-4732-AC7D-FEC3844F8D1F}.Debug|Any CPU.ActiveCfg = Debug|Any CPU
		{808A895C-4489-4732-AC7D-FEC3844F8D1F}.Debug|Any CPU.Build.0 = Debug|Any CPU
		{808A895C-4489-4732-AC7D-FEC3844F8D1F}.Debug|ARM.ActiveCfg = Debug|Any CPU
		{808A895C-4489-4732-AC7D-FEC3844F8D1F}.Debug|x64.ActiveCfg = Debug|Any CPU
		{808A895C-4489-4732-AC7D-FEC3844F8D1F}.Debug|x86.ActiveCfg = Debug|Any CPU
		{808A895C-4489-4732-AC7D-FEC3844F8D1F}.Release|Any CPU.ActiveCfg = Release|Any CPU
		{808A895C-4489-4732-AC7D-FEC3844F8D1F}.Release|Any CPU.Build.0 = Release|Any CPU
		{808A895C-4489-4732-AC7D-FEC3844F8D1F}.Release|ARM.ActiveCfg = Release|Any CPU
		{808A895C-4489-4732-AC7D-FEC3844F8D1F}.Release|x64.ActiveCfg = Release|Any CPU
		{808A895C-4489-4732-AC7D-FEC3844F8D1F}.Release|x86.ActiveCfg = Release|Any CPU
		{0A2A6E2C-6238-4533-A447-9BE8AE3D987D}.Debug|Any CPU.ActiveCfg = Debug|Any CPU
		{0A2A6E2C-6238-4533-A447-9BE8AE3D987D}.Debug|Any CPU.Build.0 = Debug|Any CPU
		{0A2A6E2C-6238-4533-A447-9BE8AE3D987D}.Debug|ARM.ActiveCfg = Debug|Any CPU
		{0A2A6E2C-6238-4533-A447-9BE8AE3D987D}.Debug|x64.ActiveCfg = Debug|Any CPU
		{0A2A6E2C-6238-4533-A447-9BE8AE3D987D}.Debug|x86.ActiveCfg = Debug|Any CPU
		{0A2A6E2C-6238-4533-A447-9BE8AE3D987D}.Release|Any CPU.ActiveCfg = Release|Any CPU
		{0A2A6E2C-6238-4533-A447-9BE8AE3D987D}.Release|Any CPU.Build.0 = Release|Any CPU
		{0A2A6E2C-6238-4533-A447-9BE8AE3D987D}.Release|ARM.ActiveCfg = Release|Any CPU
		{0A2A6E2C-6238-4533-A447-9BE8AE3D987D}.Release|x64.ActiveCfg = Release|Any CPU
		{0A2A6E2C-6238-4533-A447-9BE8AE3D987D}.Release|x86.ActiveCfg = Release|Any CPU
		{24432567-C0D6-4DC2-8FCE-7A8DC9C969D9}.Debug|Any CPU.ActiveCfg = Debug|Any CPU
		{24432567-C0D6-4DC2-8FCE-7A8DC9C969D9}.Debug|Any CPU.Build.0 = Debug|Any CPU
		{24432567-C0D6-4DC2-8FCE-7A8DC9C969D9}.Debug|ARM.ActiveCfg = Debug|Any CPU
		{24432567-C0D6-4DC2-8FCE-7A8DC9C969D9}.Debug|x64.ActiveCfg = Debug|Any CPU
		{24432567-C0D6-4DC2-8FCE-7A8DC9C969D9}.Debug|x86.ActiveCfg = Debug|Any CPU
		{24432567-C0D6-4DC2-8FCE-7A8DC9C969D9}.Release|Any CPU.ActiveCfg = Release|Any CPU
		{24432567-C0D6-4DC2-8FCE-7A8DC9C969D9}.Release|Any CPU.Build.0 = Release|Any CPU
		{24432567-C0D6-4DC2-8FCE-7A8DC9C969D9}.Release|ARM.ActiveCfg = Release|Any CPU
		{24432567-C0D6-4DC2-8FCE-7A8DC9C969D9}.Release|x64.ActiveCfg = Release|Any CPU
		{24432567-C0D6-4DC2-8FCE-7A8DC9C969D9}.Release|x86.ActiveCfg = Release|Any CPU
	EndGlobalSection
	GlobalSection(SolutionProperties) = preSolution
		HideSolutionNode = FALSE
	EndGlobalSection
	GlobalSection(NestedProjects) = preSolution
		{7DE77FC6-7070-47F9-94BE-E8C07195217B} = {B8DB9DF0-6966-45C8-B940-A0745DC3AAFB}
		{01A83CCF-2D2C-44FD-9259-43A1769B7217} = {7DE77FC6-7070-47F9-94BE-E8C07195217B}
		{80001992-823A-4CF4-B24C-F8836806D9BD} = {7DE77FC6-7070-47F9-94BE-E8C07195217B}
		{C5F8F90A-E37C-4612-8282-0F1E5640357F} = {B8DB9DF0-6966-45C8-B940-A0745DC3AAFB}
		{62EF0148-CEBB-4EF8-A2F5-5C89C5860175} = {C5F8F90A-E37C-4612-8282-0F1E5640357F}
		{0B034844-CC08-40C0-B7D5-010AF44F64C7} = {C5F8F90A-E37C-4612-8282-0F1E5640357F}
		{D43C8489-FD58-4618-B142-D8DD20661347} = {B8DB9DF0-6966-45C8-B940-A0745DC3AAFB}
		{416AD35F-4FE5-49F4-94E5-93D0C24D8DD5} = {D43C8489-FD58-4618-B142-D8DD20661347}
		{836EAB87-8468-40B2-A094-3FC4F07F892B} = {D43C8489-FD58-4618-B142-D8DD20661347}
		{2CABB8CB-2DE8-4D0E-82CA-F56B3BDB4269} = {B8DB9DF0-6966-45C8-B940-A0745DC3AAFB}
		{735635BE-9A57-481F-A15E-4243D3E0A001} = {2CABB8CB-2DE8-4D0E-82CA-F56B3BDB4269}
		{96308C91-8ED2-4CB3-9A59-F7BECE36F68C} = {2CABB8CB-2DE8-4D0E-82CA-F56B3BDB4269}
		{B0ADBFED-3627-405E-9077-F86E660EE8C2} = {B8DB9DF0-6966-45C8-B940-A0745DC3AAFB}
		{857FEFAF-C144-44AB-A80C-B32C9982A01E} = {B0ADBFED-3627-405E-9077-F86E660EE8C2}
		{D0BBCFDB-7A44-4E0D-A04B-40C6E4A29A41} = {B0ADBFED-3627-405E-9077-F86E660EE8C2}
		{55F496DC-2798-4FA5-A4F8-41E2CDAC8B77} = {B8DB9DF0-6966-45C8-B940-A0745DC3AAFB}
		{A01F7E64-CE7C-43B3-91B3-8495CCBBBB44} = {55F496DC-2798-4FA5-A4F8-41E2CDAC8B77}
		{BCC97AB6-52EE-4635-88BC-7448B42D94DA} = {55F496DC-2798-4FA5-A4F8-41E2CDAC8B77}
		{679DABDA-1488-4357-AC7C-4E37AA0E583A} = {B8DB9DF0-6966-45C8-B940-A0745DC3AAFB}
		{E418D4A7-47F4-440B-A74F-8D3975F4D2F9} = {679DABDA-1488-4357-AC7C-4E37AA0E583A}
		{0FB3E0AF-A7E6-45C3-A70E-2C82615C8832} = {679DABDA-1488-4357-AC7C-4E37AA0E583A}
		{B15D4D71-4BCE-48DC-9B08-DC3D6D6E94BF} = {B8DB9DF0-6966-45C8-B940-A0745DC3AAFB}
		{E90F13E4-F019-405A-83E9-4FCDAD816E84} = {B8DB9DF0-6966-45C8-B940-A0745DC3AAFB}
		{E47DB7E5-BB93-4B14-AA0B-3B53BA9DF240} = {B15D4D71-4BCE-48DC-9B08-DC3D6D6E94BF}
		{73A28629-0C8C-42D6-9E02-7E64D4D3191B} = {B15D4D71-4BCE-48DC-9B08-DC3D6D6E94BF}
		{E89BD532-F5F2-467C-99FC-21BE36F2EA4B} = {E90F13E4-F019-405A-83E9-4FCDAD816E84}
		{4A2DFDD9-FFA7-4979-A722-E2E5579D5443} = {E90F13E4-F019-405A-83E9-4FCDAD816E84}
		{8BCD3B5D-3929-44DA-B08D-8437ECF6A78D} = {BA28345D-ED0D-4BA3-8B2A-55155BE27C90}
		{7F620ACC-908C-491A-AB6A-43928D654264} = {BA28345D-ED0D-4BA3-8B2A-55155BE27C90}
		{0525AB76-F383-44D1-8098-64F4A067B772} = {BA28345D-ED0D-4BA3-8B2A-55155BE27C90}
		{B85CA434-48EC-45A0-B072-7D30F8A14EBD} = {BA28345D-ED0D-4BA3-8B2A-55155BE27C90}
		{24D78BAC-83E3-4BBC-ADD3-ABF6F5F8D164} = {BA28345D-ED0D-4BA3-8B2A-55155BE27C90}
		{EAC91071-2AFA-4D52-B4CD-1A5FB8B0CB27} = {8BCD3B5D-3929-44DA-B08D-8437ECF6A78D}
		{808A895C-4489-4732-AC7D-FEC3844F8D1F} = {8BCD3B5D-3929-44DA-B08D-8437ECF6A78D}
		{0A2A6E2C-6238-4533-A447-9BE8AE3D987D} = {7F620ACC-908C-491A-AB6A-43928D654264}
		{24432567-C0D6-4DC2-8FCE-7A8DC9C969D9} = {7F620ACC-908C-491A-AB6A-43928D654264}
	EndGlobalSection
EndGlobal
